// !$*UTF8*$!
{
	archiveVersion = 1;
	classes = {
	};
	objectVersion = 46;
	objects = {

/* Begin PBXBuildFile section */
		6A48A96B1A504F58008F1A90 /* AppDelegate.swift in Sources */ = {isa = PBXBuildFile; fileRef = 6A48A96A1A504F58008F1A90 /* AppDelegate.swift */; };
		6A48A96D1A504F58008F1A90 /* ViewController.swift in Sources */ = {isa = PBXBuildFile; fileRef = 6A48A96C1A504F58008F1A90 /* ViewController.swift */; };
		6A48A9701A504F58008F1A90 /* Main.storyboard in Resources */ = {isa = PBXBuildFile; fileRef = 6A48A96E1A504F58008F1A90 /* Main.storyboard */; };
		6A48A9721A504F58008F1A90 /* Images.xcassets in Resources */ = {isa = PBXBuildFile; fileRef = 6A48A9711A504F58008F1A90 /* Images.xcassets */; };
		6A48A9751A504F58008F1A90 /* LaunchScreen.xib in Resources */ = {isa = PBXBuildFile; fileRef = 6A48A9731A504F58008F1A90 /* LaunchScreen.xib */; };
		6A48A9811A504F58008F1A90 /* _048Tests.swift in Sources */ = {isa = PBXBuildFile; fileRef = 6A48A9801A504F58008F1A90 /* _048Tests.swift */; };
/* End PBXBuildFile section */

/* Begin PBXContainerItemProxy section */
		6A48A97B1A504F58008F1A90 /* PBXContainerItemProxy */ = {
			isa = PBXContainerItemProxy;
			containerPortal = 6A48A95D1A504F58008F1A90 /* Project object */;
			proxyType = 1;
			remoteGlobalIDString = 6A48A9641A504F58008F1A90;
			remoteInfo = 2048;
		};
/* End PBXContainerItemProxy section */

/* Begin PBXFileReference section */
		6A48A9651A504F58008F1A90 /* 2048.app */ = {isa = PBXFileReference; explicitFileType = wrapper.application; includeInIndex = 0; path = 2048.app; sourceTree = BUILT_PRODUCTS_DIR; };
		6A48A9691A504F58008F1A90 /* Info.plist */ = {isa = PBXFileReference; lastKnownFileType = text.plist.xml; path = Info.plist; sourceTree = "<group>"; };
		6A48A96A1A504F58008F1A90 /* AppDelegate.swift */ = {isa = PBXFileReference; lastKnownFileType = sourcecode.swift; path = AppDelegate.swift; sourceTree = "<group>"; };
		6A48A96C1A504F58008F1A90 /* ViewController.swift */ = {isa = PBXFileReference; lastKnownFileType = sourcecode.swift; path = ViewController.swift; sourceTree = "<group>"; };
		6A48A96F1A504F58008F1A90 /* Base */ = {isa = PBXFileReference; lastKnownFileType = file.storyboard; name = Base; path = Base.lproj/Main.storyboard; sourceTree = "<group>"; };
		6A48A9711A504F58008F1A90 /* Images.xcassets */ = {isa = PBXFileReference; lastKnownFileType = folder.assetcatalog; path = Images.xcassets; sourceTree = "<group>"; };
		6A48A9741A504F58008F1A90 /* Base */ = {isa = PBXFileReference; lastKnownFileType = file.xib; name = Base; path = Base.lproj/LaunchScreen.xib; sourceTree = "<group>"; };
		6A48A97A1A504F58008F1A90 /* 2048Tests.xctest */ = {isa = PBXFileReference; explicitFileType = wrapper.cfbundle; includeInIndex = 0; path = 2048Tests.xctest; sourceTree = BUILT_PRODUCTS_DIR; };
		6A48A97F1A504F58008F1A90 /* Info.plist */ = {isa = PBXFileReference; lastKnownFileType = text.plist.xml; path = Info.plist; sourceTree = "<group>"; };
		6A48A9801A504F58008F1A90 /* _048Tests.swift */ = {isa = PBXFileReference; lastKnownFileType = sourcecode.swift; path = _048Tests.swift; sourceTree = "<group>"; };
/* End PBXFileReference section */

/* Begin PBXFrameworksBuildPhase section */
		6A48A9621A504F58008F1A90 /* Frameworks */ = {
			isa = PBXFrameworksBuildPhase;
			buildActionMask = 2147483647;
			files = (
			);
			runOnlyForDeploymentPostprocessing = 0;
		};
		6A48A9771A504F58008F1A90 /* Frameworks */ = {
			isa = PBXFrameworksBuildPhase;
			buildActionMask = 2147483647;
			files = (
			);
			runOnlyForDeploymentPostprocessing = 0;
		};
/* End PBXFrameworksBuildPhase section */

/* Begin PBXGroup section */
		6A48A95C1A504F58008F1A90 = {
			isa = PBXGroup;
			children = (
				6A48A9671A504F58008F1A90 /* 2048 */,
				6A48A97D1A504F58008F1A90 /* 2048Tests */,
				6A48A9661A504F58008F1A90 /* Products */,
			);
			sourceTree = "<group>";
		};
		6A48A9661A504F58008F1A90 /* Products */ = {
			isa = PBXGroup;
			children = (
				6A48A9651A504F58008F1A90 /* 2048.app */,
				6A48A97A1A504F58008F1A90 /* 2048Tests.xctest */,
			);
			name = Products;
			sourceTree = "<group>";
		};
		6A48A9671A504F58008F1A90 /* 2048 */ = {
			isa = PBXGroup;
			children = (
				6A48A96A1A504F58008F1A90 /* AppDelegate.swift */,
				6A48A96C1A504F58008F1A90 /* ViewController.swift */,
				6A48A96E1A504F58008F1A90 /* Main.storyboard */,
				6A48A9711A504F58008F1A90 /* Images.xcassets */,
				6A48A9731A504F58008F1A90 /* LaunchScreen.xib */,
				6A48A9681A504F58008F1A90 /* Supporting Files */,
			);
			path = 2048;
			sourceTree = "<group>";
		};
		6A48A9681A504F58008F1A90 /* Supporting Files */ = {
			isa = PBXGroup;
			children = (
				6A48A9691A504F58008F1A90 /* Info.plist */,
			);
			name = "Supporting Files";
			sourceTree = "<group>";
		};
		6A48A97D1A504F58008F1A90 /* 2048Tests */ = {
			isa = PBXGroup;
			children = (
				6A48A9801A504F58008F1A90 /* _048Tests.swift */,
				6A48A97E1A504F58008F1A90 /* Supporting Files */,
			);
			path = 2048Tests;
			sourceTree = "<group>";
		};
		6A48A97E1A504F58008F1A90 /* Supporting Files */ = {
			isa = PBXGroup;
			children = (
				6A48A97F1A504F58008F1A90 /* Info.plist */,
			);
			name = "Supporting Files";
			sourceTree = "<group>";
		};
/* End PBXGroup section */

/* Begin PBXNativeTarget section */
		6A48A9641A504F58008F1A90 /* 2048 */ = {
			isa = PBXNativeTarget;
			buildConfigurationList = 6A48A9841A504F58008F1A90 /* Build configuration list for PBXNativeTarget "2048" */;
			buildPhases = (
				6A48A9611A504F58008F1A90 /* Sources */,
				6A48A9621A504F58008F1A90 /* Frameworks */,
				6A48A9631A504F58008F1A90 /* Resources */,
			);
			buildRules = (
			);
			dependencies = (
			);
			name = 2048;
			productName = 2048;
			productReference = 6A48A9651A504F58008F1A90 /* 2048.app */;
			productType = "com.apple.product-type.application";
		};
		6A48A9791A504F58008F1A90 /* 2048Tests */ = {
			isa = PBXNativeTarget;
			buildConfigurationList = 6A48A9871A504F58008F1A90 /* Build configuration list for PBXNativeTarget "2048Tests" */;
			buildPhases = (
				6A48A9761A504F58008F1A90 /* Sources */,
				6A48A9771A504F58008F1A90 /* Frameworks */,
				6A48A9781A504F58008F1A90 /* Resources */,
			);
			buildRules = (
			);
			dependencies = (
				6A48A97C1A504F58008F1A90 /* PBXTargetDependency */,
			);
			name = 2048Tests;
			productName = 2048Tests;
			productReference = 6A48A97A1A504F58008F1A90 /* 2048Tests.xctest */;
			productType = "com.apple.product-type.bundle.unit-test";
		};
/* End PBXNativeTarget section */

/* Begin PBXProject section */
		6A48A95D1A504F58008F1A90 /* Project object */ = {
			isa = PBXProject;
			attributes = {
				LastUpgradeCheck = 0610;
				ORGANIZATIONNAME = "haoran zhang";
				TargetAttributes = {
					6A48A9641A504F58008F1A90 = {
						CreatedOnToolsVersion = 6.1.1;
					};
					6A48A9791A504F58008F1A90 = {
						CreatedOnToolsVersion = 6.1.1;
						TestTargetID = 6A48A9641A504F58008F1A90;
					};
				};
			};
			buildConfigurationList = 6A48A9601A504F58008F1A90 /* Build configuration list for PBXProject "2048" */;
			compatibilityVersion = "Xcode 3.2";
			developmentRegion = English;
			hasScannedForEncodings = 0;
			knownRegions = (
				en,
				Base,
			);
			mainGroup = 6A48A95C1A504F58008F1A90;
			productRefGroup = 6A48A9661A504F58008F1A90 /* Products */;
			projectDirPath = "";
			projectRoot = "";
			targets = (
				6A48A9641A504F58008F1A90 /* 2048 */,
				6A48A9791A504F58008F1A90 /* 2048Tests */,
			);
		};
/* End PBXProject section */

/* Begin PBXResourcesBuildPhase section */
		6A48A9631A504F58008F1A90 /* Resources */ = {
			isa = PBXResourcesBuildPhase;
			buildActionMask = 2147483647;
			files = (
				6A48A9701A504F58008F1A90 /* Main.storyboard in Resources */,
				6A48A9751A504F58008F1A90 /* LaunchScreen.xib in Resources */,
				6A48A9721A504F58008F1A90 /* Images.xcassets in Resources */,
			);
			runOnlyForDeploymentPostprocessing = 0;
		};
		6A48A9781A504F58008F1A90 /* Resources */ = {
			isa = PBXResourcesBuildPhase;
			buildActionMask = 2147483647;
			files = (
			);
			runOnlyForDeploymentPostprocessing = 0;
		};
/* End PBXResourcesBuildPhase section */

/* Begin PBXSourcesBuildPhase section */
		6A48A9611A504F58008F1A90 /* Sources */ = {
			isa = PBXSourcesBuildPhase;
			buildActionMask = 2147483647;
			files = (
				6A48A96D1A504F58008F1A90 /* ViewController.swift in Sources */,
				6A48A96B1A504F58008F1A90 /* AppDelegate.swift in Sources */,
			);
			runOnlyForDeploymentPostprocessing = 0;
		};
		6A48A9761A504F58008F1A90 /* Sources */ = {
			isa = PBXSourcesBuildPhase;
			buildActionMask = 2147483647;
			files = (
				6A48A9811A504F58008F1A90 /* _048Tests.swift in Sources */,
			);
			runOnlyForDeploymentPostprocessing = 0;
		};
/* End PBXSourcesBuildPhase section */

/* Begin PBXTargetDependency section */
		6A48A97C1A504F58008F1A90 /* PBXTargetDependency */ = {
			isa = PBXTargetDependency;
			target = 6A48A9641A504F58008F1A90 /* 2048 */;
			targetProxy = 6A48A97B1A504F58008F1A90 /* PBXContainerItemProxy */;
		};
/* End PBXTargetDependency section */

/* Begin PBXVariantGroup section */
		6A48A96E1A504F58008F1A90 /* Main.storyboard */ = {
			isa = PBXVariantGroup;
			children = (
				6A48A96F1A504F58008F1A90 /* Base */,
			);
			name = Main.storyboard;
			sourceTree = "<group>";
		};
		6A48A9731A504F58008F1A90 /* LaunchScreen.xib */ = {
			isa = PBXVariantGroup;
			children = (
				6A48A9741A504F58008F1A90 /* Base */,
			);
			name = LaunchScreen.xib;
			sourceTree = "<group>";
		};
/* End PBXVariantGroup section */

/* Begin XCBuildConfiguration section */
		6A48A9821A504F58008F1A90 /* Debug */ = {
			isa = XCBuildConfiguration;
			buildSettings = {
				ALWAYS_SEARCH_USER_PATHS = NO;
				CLANG_CXX_LANGUAGE_STANDARD = "gnu++0x";
				CLANG_CXX_LIBRARY = "libc++";
				CLANG_ENABLE_MODULES = YES;
				CLANG_ENABLE_OBJC_ARC = YES;
				CLANG_WARN_BOOL_CONVERSION = YES;
				CLANG_WARN_CONSTANT_CONVERSION = YES;
				CLANG_WARN_DIRECT_OBJC_ISA_USAGE = YES_ERROR;
				CLANG_WARN_EMPTY_BODY = YES;
				CLANG_WARN_ENUM_CONVERSION = YES;
				CLANG_WARN_INT_CONVERSION = YES;
				CLANG_WARN_OBJC_ROOT_CLASS = YES_ERROR;
				CLANG_WARN_UNREACHABLE_CODE = YES;
				CLANG_WARN__DUPLICATE_METHOD_MATCH = YES;
				"CODE_SIGN_IDENTITY[sdk=iphoneos*]" = "iPhone Developer";
				COPY_PHASE_STRIP = NO;
				ENABLE_STRICT_OBJC_MSGSEND = YES;
				GCC_C_LANGUAGE_STANDARD = gnu99;
				GCC_DYNAMIC_NO_PIC = NO;
				GCC_OPTIMIZATION_LEVEL = 0;
				GCC_PREPROCESSOR_DEFINITIONS = (
					"DEBUG=1",
					"$(inherited)",
				);
				GCC_SYMBOLS_PRIVATE_EXTERN = NO;
				GCC_WARN_64_TO_32_BIT_CONVERSION = YES;
				GCC_WARN_ABOUT_RETURN_TYPE = YES_ERROR;
				GCC_WARN_UNDECLARED_SELECTOR = YES;
				GCC_WARN_UNINITIALIZED_AUTOS = YES_AGGRESSIVE;
				GCC_WARN_UNUSED_FUNCTION = YES;
				GCC_WARN_UNUSED_VARIABLE = YES;
				IPHONEOS_DEPLOYMENT_TARGET = 8.1;
				MTL_ENABLE_DEBUG_INFO = YES;
				ONLY_ACTIVE_ARCH = YES;
				SDKROOT = iphoneos;
				SWIFT_OPTIMIZATION_LEVEL = "-Onone";
				TARGETED_DEVICE_FAMILY = "1,2";
			};
			name = Debug;
		};
		6A48A9831A504F58008F1A90 /* Release */ = {
			isa = XCBuildConfiguration;
			buildSettings = {
				ALWAYS_SEARCH_USER_PATHS = NO;
				CLANG_CXX_LANGUAGE_STANDARD = "gnu++0x";
				CLANG_CXX_LIBRARY = "libc++";
				CLANG_ENABLE_MODULES = YES;
				CLANG_ENABLE_OBJC_ARC = YES;
				CLANG_WARN_BOOL_CONVERSION = YES;
				CLANG_WARN_CONSTANT_CONVERSION = YES;
				CLANG_WARN_DIRECT_OBJC_ISA_USAGE = YES_ERROR;
				CLANG_WARN_EMPTY_BODY = YES;
				CLANG_WARN_ENUM_CONVERSION = YES;
				CLANG_WARN_INT_CONVERSION = YES;
				CLANG_WARN_OBJC_ROOT_CLASS = YES_ERROR;
				CLANG_WARN_UNREACHABLE_CODE = YES;
				CLANG_WARN__DUPLICATE_METHOD_MATCH = YES;
				"CODE_SIGN_IDENTITY[sdk=iphoneos*]" = "iPhone Developer";
				COPY_PHASE_STRIP = YES;
				ENABLE_NS_ASSERTIONS = NO;
				ENABLE_STRICT_OBJC_MSGSEND = YES;
				GCC_C_LANGUAGE_STANDARD = gnu99;
				GCC_WARN_64_TO_32_BIT_CONVERSION = YES;
				GCC_WARN_ABOUT_RETURN_TYPE = YES_ERROR;
				GCC_WARN_UNDECLARED_SELECTOR = YES;
				GCC_WARN_UNINITIALIZED_AUTOS = YES_AGGRESSIVE;
				GCC_WARN_UNUSED_FUNCTION = YES;
				GCC_WARN_UNUSED_VARIABLE = YES;
				IPHONEOS_DEPLOYMENT_TARGET = 8.1;
				MTL_ENABLE_DEBUG_INFO = NO;
				SDKROOT = iphoneos;
				TARGETED_DEVICE_FAMILY = "1,2";
				VALIDATE_PRODUCT = YES;
			};
			name = Release;
		};
		6A48A9851A504F58008F1A90 /* Debug */ = {
			isa = XCBuildConfiguration;
			buildSettings = {
				ASSETCATALOG_COMPILER_APPICON_NAME = AppIcon;
				INFOPLIST_FILE = 2048/Info.plist;
				LD_RUNPATH_SEARCH_PATHS = "$(inherited) @executable_path/Frameworks";
				PRODUCT_NAME = "$(TARGET_NAME)";
			};
			name = Debug;
		};
		6A48A9861A504F58008F1A90 /* Release */ = {
			isa = XCBuildConfiguration;
			buildSettings = {
				ASSETCATALOG_COMPILER_APPICON_NAME = AppIcon;
				INFOPLIST_FILE = 2048/Info.plist;
				LD_RUNPATH_SEARCH_PATHS = "$(inherited) @executable_path/Frameworks";
				PRODUCT_NAME = "$(TARGET_NAME)";
			};
			name = Release;
		};
		6A48A9881A504F58008F1A90 /* Debug */ = {
			isa = XCBuildConfiguration;
			buildSettings = {
				BUNDLE_LOADER = "$(TEST_HOST)";
				FRAMEWORK_SEARCH_PATHS = (
					"$(SDKROOT)/Developer/Library/Frameworks",
					"$(inherited)",
				);
				GCC_PREPROCESSOR_DEFINITIONS = (
					"DEBUG=1",
					"$(inherited)",
				);
				INFOPLIST_FILE = 2048Tests/Info.plist;
				LD_RUNPATH_SEARCH_PATHS = "$(inherited) @executable_path/Frameworks @loader_path/Frameworks";
				PRODUCT_NAME = "$(TARGET_NAME)";
				TEST_HOST = "$(BUILT_PRODUCTS_DIR)/2048.app/2048";
			};
			name = Debug;
		};
		6A48A9891A504F58008F1A90 /* Release */ = {
			isa = XCBuildConfiguration;
			buildSettings = {
				BUNDLE_LOADER = "$(TEST_HOST)";
				FRAMEWORK_SEARCH_PATHS = (
					"$(SDKROOT)/Developer/Library/Frameworks",
					"$(inherited)",
				);
				INFOPLIST_FILE = 2048Tests/Info.plist;
				LD_RUNPATH_SEARCH_PATHS = "$(inherited) @executable_path/Frameworks @loader_path/Frameworks";
				PRODUCT_NAME = "$(TARGET_NAME)";
				TEST_HOST = "$(BUILT_PRODUCTS_DIR)/2048.app/2048";
			};
			name = Release;
		};
/* End XCBuildConfiguration section */

/* Begin XCConfigurationList section */
		6A48A9601A504F58008F1A90 /* Build configuration list for PBXProject "2048" */ = {
			isa = XCConfigurationList;
			buildConfigurations = (
				6A48A9821A504F58008F1A90 /* Debug */,
				6A48A9831A504F58008F1A90 /* Release */,
			);
			defaultConfigurationIsVisible = 0;
			defaultConfigurationName = Release;
		};
		6A48A9841A504F58008F1A90 /* Build configuration list for PBXNativeTarget "2048" */ = {
			isa = XCConfigurationList;
			buildConfigurations = (
				6A48A9851A504F58008F1A90 /* Debug */,
				6A48A9861A504F58008F1A90 /* Release */,
			);
			defaultConfigurationIsVisible = 0;
		};
		6A48A9871A504F58008F1A90 /* Build configuration list for PBXNativeTarget "2048Tests" */ = {
			isa = XCConfigurationList;
			buildConfigurations = (
				6A48A9881A504F58008F1A90 /* Debug */,
				6A48A9891A504F58008F1A90 /* Release */,
			);
			defaultConfigurationIsVisible = 0;
		};
/* End XCConfigurationList section */
	};
	rootObject = 6A48A95D1A504F58008F1A90 /* Project object */;
}
